
Microsoft Visual Studio Solution File, Format Version 12.00
# Visual Studio Version 17
VisualStudioVersion = 17.2.32516.85
MinimumVisualStudioVersion = 10.0.40219.1
Project("{FAE04EC0-301F-11D3-BF4B-00C04F79EFBC}") = "kursovayaBD", "kursovayaBD.csproj", "{CC444312-2B13-4DCD-B2B7-73B2B8A9FC77}"
EndProject
Global
	GlobalSection(SolutionConfigurationPlatforms) = preSolution
		Debug|Any CPU = Debug|Any CPU
		Release|Any CPU = Release|Any CPU
	EndGlobalSection
	GlobalSection(ProjectConfigurationPlatforms) = postSolution
		{CC444312-2B13-4DCD-B2B7-73B2B8A9FC77}.Debug|Any CPU.ActiveCfg = Debug|Any CPU
		{CC444312-2B13-4DCD-B2B7-73B2B8A9FC77}.Debug|Any CPU.Build.0 = Debug|Any CPU
		{CC444312-2B13-4DCD-B2B7-73B2B8A9FC77}.Release|Any CPU.ActiveCfg = Release|Any CPU
		{CC444312-2B13-4DCD-B2B7-73B2B8A9FC77}.Release|Any CPU.Build.0 = Release|Any CPU
	EndGlobalSection
	GlobalSection(SolutionProperties) = preSolution
		HideSolutionNode = FALSE
	EndGlobalSection
	GlobalSection(ExtensibilityGlobals) = postSolution
		SolutionGuid = {EDDDC938-2AB7-4DC6-B8FB-A142798A2B46}
	EndGlobalSection
EndGlobal
